
Microsoft Visual Studio Solution File, Format Version 12.00
# Visual Studio Version 17
VisualStudioVersion = 17.13.35931.197 d17.13
MinimumVisualStudioVersion = 10.0.40219.1
Project("{FAE04EC0-301F-11D3-BF4B-00C04F79EFBC}") = "OficinaTramites", "OficinaTramites\OficinaTramites.csproj", "{96E17880-B270-4924-98D7-878EE3AB4227}"
EndProject
Global
	GlobalSection(SolutionConfigurationPlatforms) = preSolution
		Debug|Any CPU = Debug|Any CPU
		Release|Any CPU = Release|Any CPU
	EndGlobalSection
	GlobalSection(ProjectConfigurationPlatforms) = postSolution
		{96E17880-B270-4924-98D7-878EE3AB4227}.Debug|Any CPU.ActiveCfg = Debug|Any CPU
		{96E17880-B270-4924-98D7-878EE3AB4227}.Debug|Any CPU.Build.0 = Debug|Any CPU
		{96E17880-B270-4924-98D7-878EE3AB4227}.Release|Any CPU.ActiveCfg = Release|Any CPU
		{96E17880-B270-4924-98D7-878EE3AB4227}.Release|Any CPU.Build.0 = Release|Any CPU
	EndGlobalSection
	GlobalSection(SolutionProperties) = preSolution
		HideSolutionNode = FALSE
	EndGlobalSection
	GlobalSection(ExtensibilityGlobals) = postSolution
		SolutionGuid = {0A5883AD-33FB-4A24-AEED-E5C21AF231D5}
	EndGlobalSection
EndGlobal
