
Microsoft Visual Studio Solution File, Format Version 12.00
# Visual Studio Version 17
VisualStudioVersion = 17.13.35931.197 d17.13
MinimumVisualStudioVersion = 10.0.40219.1
Project("{FAE04EC0-301F-11D3-BF4B-00C04F79EFBC}") = "ServicioSegip", "ServicioSegip\ServicioSegip.csproj", "{41642298-DC54-4FEA-9796-47AEDCFF13F7}"
EndProject
Global
	GlobalSection(SolutionConfigurationPlatforms) = preSolution
		Debug|Any CPU = Debug|Any CPU
		Release|Any CPU = Release|Any CPU
	EndGlobalSection
	GlobalSection(ProjectConfigurationPlatforms) = postSolution
		{41642298-DC54-4FEA-9796-47AEDCFF13F7}.Debug|Any CPU.ActiveCfg = Debug|Any CPU
		{41642298-DC54-4FEA-9796-47AEDCFF13F7}.Debug|Any CPU.Build.0 = Debug|Any CPU
		{41642298-DC54-4FEA-9796-47AEDCFF13F7}.Release|Any CPU.ActiveCfg = Release|Any CPU
		{41642298-DC54-4FEA-9796-47AEDCFF13F7}.Release|Any CPU.Build.0 = Release|Any CPU
	EndGlobalSection
	GlobalSection(SolutionProperties) = preSolution
		HideSolutionNode = FALSE
	EndGlobalSection
	GlobalSection(ExtensibilityGlobals) = postSolution
		SolutionGuid = {08DC7A38-5842-49E5-90B6-90F3E1E53C23}
	EndGlobalSection
EndGlobal
